
Microsoft Visual Studio Solution File, Format Version 12.00
# Visual Studio Version 17
VisualStudioVersion = 17.4.33205.214
MinimumVisualStudioVersion = 10.0.40219.1
Project("{FAE04EC0-301F-11D3-BF4B-00C04F79EFBC}") = "DesktopContactsApp", "DesktopContactsApp\DesktopContactsApp.csproj", "{EA136E71-9DCF-417B-8C62-CCCEC3EC815D}"
EndProject
Global
	GlobalSection(SolutionConfigurationPlatforms) = preSolution
		Debug|Any CPU = Debug|Any CPU
		Release|Any CPU = Release|Any CPU
	EndGlobalSection
	GlobalSection(ProjectConfigurationPlatforms) = postSolution
		{EA136E71-9DCF-417B-8C62-CCCEC3EC815D}.Debug|Any CPU.ActiveCfg = Debug|Any CPU
		{EA136E71-9DCF-417B-8C62-CCCEC3EC815D}.Debug|Any CPU.Build.0 = Debug|Any CPU
		{EA136E71-9DCF-417B-8C62-CCCEC3EC815D}.Release|Any CPU.ActiveCfg = Release|Any CPU
		{EA136E71-9DCF-417B-8C62-CCCEC3EC815D}.Release|Any CPU.Build.0 = Release|Any CPU
	EndGlobalSection
	GlobalSection(SolutionProperties) = preSolution
		HideSolutionNode = FALSE
	EndGlobalSection
	GlobalSection(ExtensibilityGlobals) = postSolution
		SolutionGuid = {3A39C8B5-1712-4A68-8D8A-A3F0FF9ED837}
	EndGlobalSection
EndGlobal
